
Microsoft Visual Studio Solution File, Format Version 12.00
Project("{2150E333-8FDC-42A3-9474-1A3956D46DE8}") = "src", "src", "{0314E4B7-853B-4DC7-995B-E0303F689383}"
EndProject
Project("{FAE04EC0-301F-11D3-BF4B-00C04F79EFBC}") = "Domain", "Domain\Domain.csproj", "{77CE079B-0AFE-43E3-89FA-F115E02525F7}"
EndProject
Project("{FAE04EC0-301F-11D3-BF4B-00C04F79EFBC}") = "Infrastructure", "Infrastructure\Infrastructure.csproj", "{EA191360-E791-40CE-B8BD-3D5BBD1E9C90}"
EndProject
Project("{FAE04EC0-301F-11D3-BF4B-00C04F79EFBC}") = "Application", "Application\Application.csproj", "{4AA5B930-7193-41C8-BA38-9B3BF1BD4361}"
EndProject
Project("{FAE04EC0-301F-11D3-BF4B-00C04F79EFBC}") = "WebUI", "WebUI\WebUI.csproj", "{19334CB5-06DC-49B6-BACF-00A9726080EE}"
EndProject
Project("{2150E333-8FDC-42A3-9474-1A3956D46DE8}") = "tests", "tests", "{C2FDBB83-9079-4A6F-93A2-0B40F3FE2010}"
EndProject
Project("{FAE04EC0-301F-11D3-BF4B-00C04F79EFBC}") = "Application.UnitTests", "Application.UnitTests\Application.UnitTests.csproj", "{8249EDA6-19C4-4D40-89FF-2B4B2F79235C}"
EndProject
Project("{FAE04EC0-301F-11D3-BF4B-00C04F79EFBC}") = "Persistence.IntegrationTests", "Persistence.IntegrationTests\Persistence.IntegrationTests.csproj", "{2066CBD6-C2D9-41A3-BF40-2F957C8D25F4}"
EndProject
Project("{FAE04EC0-301F-11D3-BF4B-00C04F79EFBC}") = "Application.IntegrationTests", "Application.IntegrationTests\Application.IntegrationTests.csproj", "{19162D16-701B-44A2-B722-D4A4B632F9BA}"
EndProject
Global
	GlobalSection(SolutionConfigurationPlatforms) = preSolution
		Debug|Any CPU = Debug|Any CPU
		Release|Any CPU = Release|Any CPU
	EndGlobalSection
	GlobalSection(ProjectConfigurationPlatforms) = postSolution
		{77CE079B-0AFE-43E3-89FA-F115E02525F7}.Debug|Any CPU.ActiveCfg = Debug|Any CPU
		{77CE079B-0AFE-43E3-89FA-F115E02525F7}.Debug|Any CPU.Build.0 = Debug|Any CPU
		{77CE079B-0AFE-43E3-89FA-F115E02525F7}.Release|Any CPU.ActiveCfg = Release|Any CPU
		{77CE079B-0AFE-43E3-89FA-F115E02525F7}.Release|Any CPU.Build.0 = Release|Any CPU
		{EA191360-E791-40CE-B8BD-3D5BBD1E9C90}.Debug|Any CPU.ActiveCfg = Debug|Any CPU
		{EA191360-E791-40CE-B8BD-3D5BBD1E9C90}.Debug|Any CPU.Build.0 = Debug|Any CPU
		{EA191360-E791-40CE-B8BD-3D5BBD1E9C90}.Release|Any CPU.ActiveCfg = Release|Any CPU
		{EA191360-E791-40CE-B8BD-3D5BBD1E9C90}.Release|Any CPU.Build.0 = Release|Any CPU
		{4AA5B930-7193-41C8-BA38-9B3BF1BD4361}.Debug|Any CPU.ActiveCfg = Debug|Any CPU
		{4AA5B930-7193-41C8-BA38-9B3BF1BD4361}.Debug|Any CPU.Build.0 = Debug|Any CPU
		{4AA5B930-7193-41C8-BA38-9B3BF1BD4361}.Release|Any CPU.ActiveCfg = Release|Any CPU
		{4AA5B930-7193-41C8-BA38-9B3BF1BD4361}.Release|Any CPU.Build.0 = Release|Any CPU
		{19334CB5-06DC-49B6-BACF-00A9726080EE}.Debug|Any CPU.ActiveCfg = Debug|Any CPU
		{19334CB5-06DC-49B6-BACF-00A9726080EE}.Debug|Any CPU.Build.0 = Debug|Any CPU
		{19334CB5-06DC-49B6-BACF-00A9726080EE}.Release|Any CPU.ActiveCfg = Release|Any CPU
		{19334CB5-06DC-49B6-BACF-00A9726080EE}.Release|Any CPU.Build.0 = Release|Any CPU
		{8249EDA6-19C4-4D40-89FF-2B4B2F79235C}.Debug|Any CPU.ActiveCfg = Debug|Any CPU
		{8249EDA6-19C4-4D40-89FF-2B4B2F79235C}.Debug|Any CPU.Build.0 = Debug|Any CPU
		{8249EDA6-19C4-4D40-89FF-2B4B2F79235C}.Release|Any CPU.ActiveCfg = Release|Any CPU
		{8249EDA6-19C4-4D40-89FF-2B4B2F79235C}.Release|Any CPU.Build.0 = Release|Any CPU
		{2066CBD6-C2D9-41A3-BF40-2F957C8D25F4}.Debug|Any CPU.ActiveCfg = Debug|Any CPU
		{2066CBD6-C2D9-41A3-BF40-2F957C8D25F4}.Debug|Any CPU.Build.0 = Debug|Any CPU
		{2066CBD6-C2D9-41A3-BF40-2F957C8D25F4}.Release|Any CPU.ActiveCfg = Release|Any CPU
		{2066CBD6-C2D9-41A3-BF40-2F957C8D25F4}.Release|Any CPU.Build.0 = Release|Any CPU
		{19162D16-701B-44A2-B722-D4A4B632F9BA}.Debug|Any CPU.ActiveCfg = Debug|Any CPU
		{19162D16-701B-44A2-B722-D4A4B632F9BA}.Debug|Any CPU.Build.0 = Debug|Any CPU
		{19162D16-701B-44A2-B722-D4A4B632F9BA}.Release|Any CPU.ActiveCfg = Release|Any CPU
		{19162D16-701B-44A2-B722-D4A4B632F9BA}.Release|Any CPU.Build.0 = Release|Any CPU
	EndGlobalSection
	GlobalSection(NestedProjects) = preSolution
		{77CE079B-0AFE-43E3-89FA-F115E02525F7} = {0314E4B7-853B-4DC7-995B-E0303F689383}
		{EA191360-E791-40CE-B8BD-3D5BBD1E9C90} = {0314E4B7-853B-4DC7-995B-E0303F689383}
		{4AA5B930-7193-41C8-BA38-9B3BF1BD4361} = {0314E4B7-853B-4DC7-995B-E0303F689383}
		{19334CB5-06DC-49B6-BACF-00A9726080EE} = {0314E4B7-853B-4DC7-995B-E0303F689383}
		{8249EDA6-19C4-4D40-89FF-2B4B2F79235C} = {C2FDBB83-9079-4A6F-93A2-0B40F3FE2010}
		{2066CBD6-C2D9-41A3-BF40-2F957C8D25F4} = {C2FDBB83-9079-4A6F-93A2-0B40F3FE2010}
		{19162D16-701B-44A2-B722-D4A4B632F9BA} = {C2FDBB83-9079-4A6F-93A2-0B40F3FE2010}
	EndGlobalSection
EndGlobal
